
Microsoft Visual Studio Solution File, Format Version 12.00
# Visual Studio Version 17
VisualStudioVersion = 17.0.31903.59
MinimumVisualStudioVersion = 10.0.40219.1
Project("{FAE04EC0-301F-11D3-BF4B-00C04F79EFBC}") = "LinkedListLib", "LinkedListLib\LinkedListLib.csproj", "{4F4183B3-7E4B-4C6A-AF86-CA25F0B4B9FD}"
EndProject
Project("{FAE04EC0-301F-11D3-BF4B-00C04F79EFBC}") = "LinkedListTests", "LinkedListTests\LinkedListTests.csproj", "{43EC9580-73E7-4DA7-B13E-CAFC2179F4F1}"
EndProject
Global
	GlobalSection(SolutionConfigurationPlatforms) = preSolution
		Debug|Any CPU = Debug|Any CPU
		Release|Any CPU = Release|Any CPU
	EndGlobalSection
	GlobalSection(SolutionProperties) = preSolution
		HideSolutionNode = FALSE
	EndGlobalSection
	GlobalSection(ProjectConfigurationPlatforms) = postSolution
		{4F4183B3-7E4B-4C6A-AF86-CA25F0B4B9FD}.Debug|Any CPU.ActiveCfg = Debug|Any CPU
		{4F4183B3-7E4B-4C6A-AF86-CA25F0B4B9FD}.Debug|Any CPU.Build.0 = Debug|Any CPU
		{4F4183B3-7E4B-4C6A-AF86-CA25F0B4B9FD}.Release|Any CPU.ActiveCfg = Release|Any CPU
		{4F4183B3-7E4B-4C6A-AF86-CA25F0B4B9FD}.Release|Any CPU.Build.0 = Release|Any CPU
		{43EC9580-73E7-4DA7-B13E-CAFC2179F4F1}.Debug|Any CPU.ActiveCfg = Debug|Any CPU
		{43EC9580-73E7-4DA7-B13E-CAFC2179F4F1}.Debug|Any CPU.Build.0 = Debug|Any CPU
		{43EC9580-73E7-4DA7-B13E-CAFC2179F4F1}.Release|Any CPU.ActiveCfg = Release|Any CPU
		{43EC9580-73E7-4DA7-B13E-CAFC2179F4F1}.Release|Any CPU.Build.0 = Release|Any CPU
	EndGlobalSection
EndGlobal
